
Microsoft Visual Studio Solution File, Format Version 12.00
# Visual Studio Version 17
VisualStudioVersion = 17.4.33213.308
MinimumVisualStudioVersion = 10.0.40219.1
Project("{FAE04EC0-301F-11D3-BF4B-00C04F79EFBC}") = "WF_FileManager", "WF_FileManager\WF_FileManager.csproj", "{6A7DFA01-43F6-49A4-8FB0-02D234D0145B}"
EndProject
Global
	GlobalSection(SolutionConfigurationPlatforms) = preSolution
		Debug|Any CPU = Debug|Any CPU
		Release|Any CPU = Release|Any CPU
	EndGlobalSection
	GlobalSection(ProjectConfigurationPlatforms) = postSolution
		{6A7DFA01-43F6-49A4-8FB0-02D234D0145B}.Debug|Any CPU.ActiveCfg = Debug|Any CPU
		{6A7DFA01-43F6-49A4-8FB0-02D234D0145B}.Debug|Any CPU.Build.0 = Debug|Any CPU
		{6A7DFA01-43F6-49A4-8FB0-02D234D0145B}.Release|Any CPU.ActiveCfg = Release|Any CPU
		{6A7DFA01-43F6-49A4-8FB0-02D234D0145B}.Release|Any CPU.Build.0 = Release|Any CPU
	EndGlobalSection
	GlobalSection(SolutionProperties) = preSolution
		HideSolutionNode = FALSE
	EndGlobalSection
	GlobalSection(ExtensibilityGlobals) = postSolution
		SolutionGuid = {1312A901-13D1-45D9-9D8D-360024158560}
	EndGlobalSection
EndGlobal
